
Microsoft Visual Studio Solution File, Format Version 12.00
# Visual Studio 14
VisualStudioVersion = 14.0.25420.1
MinimumVisualStudioVersion = 10.0.40219.1
Project("{F2A71F9B-5D33-465A-A702-920D77279786}") = "ID0001", "ID0001\ID0001.fsproj", "{C395201D-3B3B-4D1D-8EB2-EAEA2A3304D5}"
EndProject
Project("{F2A71F9B-5D33-465A-A702-920D77279786}") = "ID0002", "ID0002\ID0002.fsproj", "{DC847A22-C2B5-41C7-8E09-B169F5F3B416}"
EndProject
Project("{F2A71F9B-5D33-465A-A702-920D77279786}") = "ID0003", "ID0003\ID0003.fsproj", "{8437C29E-3147-4B23-ABF7-E4268217BDF7}"
EndProject
Project("{F2A71F9B-5D33-465A-A702-920D77279786}") = "ID0004", "ID0004\ID0004.fsproj", "{1B57E253-C368-409E-B460-FB952C3CDA6A}"
EndProject
Project("{F2A71F9B-5D33-465A-A702-920D77279786}") = "ID0005", "ID0005\ID0005.fsproj", "{41D42847-53DD-40BB-96BC-BEBF87B85C22}"
EndProject
Project("{F2A71F9B-5D33-465A-A702-920D77279786}") = "ID0006", "ID0006\ID0006.fsproj", "{A1826F3B-1B12-4EEB-A42D-7C6576EB9DEA}"
EndProject
Global
	GlobalSection(SolutionConfigurationPlatforms) = preSolution
		Debug|Any CPU = Debug|Any CPU
		Release|Any CPU = Release|Any CPU
	EndGlobalSection
	GlobalSection(ProjectConfigurationPlatforms) = postSolution
		{C395201D-3B3B-4D1D-8EB2-EAEA2A3304D5}.Debug|Any CPU.ActiveCfg = Debug|Any CPU
		{C395201D-3B3B-4D1D-8EB2-EAEA2A3304D5}.Debug|Any CPU.Build.0 = Debug|Any CPU
		{C395201D-3B3B-4D1D-8EB2-EAEA2A3304D5}.Release|Any CPU.ActiveCfg = Release|Any CPU
		{C395201D-3B3B-4D1D-8EB2-EAEA2A3304D5}.Release|Any CPU.Build.0 = Release|Any CPU
		{DC847A22-C2B5-41C7-8E09-B169F5F3B416}.Debug|Any CPU.ActiveCfg = Debug|Any CPU
		{DC847A22-C2B5-41C7-8E09-B169F5F3B416}.Debug|Any CPU.Build.0 = Debug|Any CPU
		{DC847A22-C2B5-41C7-8E09-B169F5F3B416}.Release|Any CPU.ActiveCfg = Release|Any CPU
		{DC847A22-C2B5-41C7-8E09-B169F5F3B416}.Release|Any CPU.Build.0 = Release|Any CPU
		{8437C29E-3147-4B23-ABF7-E4268217BDF7}.Debug|Any CPU.ActiveCfg = Debug|Any CPU
		{8437C29E-3147-4B23-ABF7-E4268217BDF7}.Debug|Any CPU.Build.0 = Debug|Any CPU
		{8437C29E-3147-4B23-ABF7-E4268217BDF7}.Release|Any CPU.ActiveCfg = Release|Any CPU
		{8437C29E-3147-4B23-ABF7-E4268217BDF7}.Release|Any CPU.Build.0 = Release|Any CPU
		{1B57E253-C368-409E-B460-FB952C3CDA6A}.Debug|Any CPU.ActiveCfg = Debug|Any CPU
		{1B57E253-C368-409E-B460-FB952C3CDA6A}.Debug|Any CPU.Build.0 = Debug|Any CPU
		{1B57E253-C368-409E-B460-FB952C3CDA6A}.Release|Any CPU.ActiveCfg = Release|Any CPU
		{1B57E253-C368-409E-B460-FB952C3CDA6A}.Release|Any CPU.Build.0 = Release|Any CPU
		{41D42847-53DD-40BB-96BC-BEBF87B85C22}.Debug|Any CPU.ActiveCfg = Debug|Any CPU
		{41D42847-53DD-40BB-96BC-BEBF87B85C22}.Debug|Any CPU.Build.0 = Debug|Any CPU
		{41D42847-53DD-40BB-96BC-BEBF87B85C22}.Release|Any CPU.ActiveCfg = Release|Any CPU
		{41D42847-53DD-40BB-96BC-BEBF87B85C22}.Release|Any CPU.Build.0 = Release|Any CPU
		{A1826F3B-1B12-4EEB-A42D-7C6576EB9DEA}.Debug|Any CPU.ActiveCfg = Debug|Any CPU
		{A1826F3B-1B12-4EEB-A42D-7C6576EB9DEA}.Debug|Any CPU.Build.0 = Debug|Any CPU
		{A1826F3B-1B12-4EEB-A42D-7C6576EB9DEA}.Release|Any CPU.ActiveCfg = Release|Any CPU
		{A1826F3B-1B12-4EEB-A42D-7C6576EB9DEA}.Release|Any CPU.Build.0 = Release|Any CPU
	EndGlobalSection
	GlobalSection(SolutionProperties) = preSolution
		HideSolutionNode = FALSE
	EndGlobalSection
EndGlobal
