
Microsoft Visual Studio Solution File, Format Version 12.00
# Visual Studio 14
VisualStudioVersion = 14.0.25420.1
MinimumVisualStudioVersion = 10.0.40219.1
Project("{F2A71F9B-5D33-465A-A702-920D77279786}") = "ID0001", "ID0001\ID0001.fsproj", "{C395201D-3B3B-4D1D-8EB2-EAEA2A3304D5}"
EndProject
Project("{F2A71F9B-5D33-465A-A702-920D77279786}") = "ID0002", "ID0002\ID0002.fsproj", "{DC847A22-C2B5-41C7-8E09-B169F5F3B416}"
EndProject
Project("{F2A71F9B-5D33-465A-A702-920D77279786}") = "ID0003", "ID0003\ID0003.fsproj", "{8437C29E-3147-4B23-ABF7-E4268217BDF7}"
EndProject
Project("{F2A71F9B-5D33-465A-A702-920D77279786}") = "ID0004", "ID0004\ID0004.fsproj", "{1B57E253-C368-409E-B460-FB952C3CDA6A}"
EndProject
Project("{F2A71F9B-5D33-465A-A702-920D77279786}") = "ID0005", "ID0005\ID0005.fsproj", "{41D42847-53DD-40BB-96BC-BEBF87B85C22}"
EndProject
Project("{F2A71F9B-5D33-465A-A702-920D77279786}") = "ID0006", "ID0006\ID0006.fsproj", "{A1826F3B-1B12-4EEB-A42D-7C6576EB9DEA}"
EndProject
Project("{F2A71F9B-5D33-465A-A702-920D77279786}") = "ID0007", "ID0007\ID0007.fsproj", "{09EB6941-D26D-4FE2-8BF6-C09E7D811BEB}"
EndProject
Project("{F2A71F9B-5D33-465A-A702-920D77279786}") = "ID0008", "ID0008\ID0008.fsproj", "{68A69F75-87AA-4334-803A-C2D310E77B18}"
EndProject
Project("{F2A71F9B-5D33-465A-A702-920D77279786}") = "ID0009", "ID0009\ID0009.fsproj", "{78791FC1-535D-4C76-8113-C046D63F4253}"
EndProject
Project("{F2A71F9B-5D33-465A-A702-920D77279786}") = "ID0010", "ID0010\ID0010.fsproj", "{B16ECDAC-AAB1-44D6-8C76-3023E54BEC3A}"
EndProject
Project("{F2A71F9B-5D33-465A-A702-920D77279786}") = "ID0011", "ID0011\ID0011.fsproj", "{20405448-CAA4-4DA6-B473-D0484F81CE44}"
EndProject
Project("{F2A71F9B-5D33-465A-A702-920D77279786}") = "ID0012", "ID0012\ID0012.fsproj", "{0307B967-4485-42BA-88CD-AF0210312ACF}"
EndProject
Project("{F2A71F9B-5D33-465A-A702-920D77279786}") = "All", "All\All.fsproj", "{F48F82CC-63FA-4585-A2CA-6391E73AEC38}"
EndProject
Project("{F2A71F9B-5D33-465A-A702-920D77279786}") = "ID0013", "ID0013\ID0013.fsproj", "{1A8A0B3C-111E-4AC9-B579-57BB7C322A5D}"
EndProject
Project("{F2A71F9B-5D33-465A-A702-920D77279786}") = "ID0014", "ID0014\ID0014.fsproj", "{8776C33F-96E9-4A97-AB9D-CCC7CB40322F}"
EndProject
Project("{F2A71F9B-5D33-465A-A702-920D77279786}") = "ID0015", "ID0015\ID0015.fsproj", "{E04B3794-9811-4BCB-A71B-8AB49623BD54}"
EndProject
Project("{F2A71F9B-5D33-465A-A702-920D77279786}") = "ID0016", "ID0016\ID0016.fsproj", "{72980C7C-DA86-48BC-B9BD-019EF712D334}"
EndProject
Project("{F2A71F9B-5D33-465A-A702-920D77279786}") = "ID0017", "ID0017\ID0017.fsproj", "{BA24BA74-5F1B-40E3-9724-17B45CD6D488}"
EndProject
Project("{F2A71F9B-5D33-465A-A702-920D77279786}") = "ID0018", "ID0018\ID0018.fsproj", "{4E700075-A0F3-401E-A373-292DE8085B04}"
EndProject
Project("{F2A71F9B-5D33-465A-A702-920D77279786}") = "ID0067", "ID0067\ID0067.fsproj", "{12565E8D-FFB3-4C39-9D46-140688686902}"
EndProject
Project("{F2A71F9B-5D33-465A-A702-920D77279786}") = "ID0019", "ID0019\ID0019.fsproj", "{9006A514-E7F1-40EB-80FA-C0C477DE3E51}"
EndProject
Project("{F2A71F9B-5D33-465A-A702-920D77279786}") = "ID0020", "ID0020\ID0020.fsproj", "{60F80B90-E2BA-472F-AC64-D28384EF924E}"
EndProject
Global
	GlobalSection(SolutionConfigurationPlatforms) = preSolution
		Debug|Any CPU = Debug|Any CPU
		Release|Any CPU = Release|Any CPU
	EndGlobalSection
	GlobalSection(ProjectConfigurationPlatforms) = postSolution
		{C395201D-3B3B-4D1D-8EB2-EAEA2A3304D5}.Debug|Any CPU.ActiveCfg = Debug|Any CPU
		{C395201D-3B3B-4D1D-8EB2-EAEA2A3304D5}.Debug|Any CPU.Build.0 = Debug|Any CPU
		{C395201D-3B3B-4D1D-8EB2-EAEA2A3304D5}.Release|Any CPU.ActiveCfg = Release|Any CPU
		{C395201D-3B3B-4D1D-8EB2-EAEA2A3304D5}.Release|Any CPU.Build.0 = Release|Any CPU
		{DC847A22-C2B5-41C7-8E09-B169F5F3B416}.Debug|Any CPU.ActiveCfg = Debug|Any CPU
		{DC847A22-C2B5-41C7-8E09-B169F5F3B416}.Debug|Any CPU.Build.0 = Debug|Any CPU
		{DC847A22-C2B5-41C7-8E09-B169F5F3B416}.Release|Any CPU.ActiveCfg = Release|Any CPU
		{DC847A22-C2B5-41C7-8E09-B169F5F3B416}.Release|Any CPU.Build.0 = Release|Any CPU
		{8437C29E-3147-4B23-ABF7-E4268217BDF7}.Debug|Any CPU.ActiveCfg = Debug|Any CPU
		{8437C29E-3147-4B23-ABF7-E4268217BDF7}.Debug|Any CPU.Build.0 = Debug|Any CPU
		{8437C29E-3147-4B23-ABF7-E4268217BDF7}.Release|Any CPU.ActiveCfg = Release|Any CPU
		{8437C29E-3147-4B23-ABF7-E4268217BDF7}.Release|Any CPU.Build.0 = Release|Any CPU
		{1B57E253-C368-409E-B460-FB952C3CDA6A}.Debug|Any CPU.ActiveCfg = Debug|Any CPU
		{1B57E253-C368-409E-B460-FB952C3CDA6A}.Debug|Any CPU.Build.0 = Debug|Any CPU
		{1B57E253-C368-409E-B460-FB952C3CDA6A}.Release|Any CPU.ActiveCfg = Release|Any CPU
		{1B57E253-C368-409E-B460-FB952C3CDA6A}.Release|Any CPU.Build.0 = Release|Any CPU
		{41D42847-53DD-40BB-96BC-BEBF87B85C22}.Debug|Any CPU.ActiveCfg = Debug|Any CPU
		{41D42847-53DD-40BB-96BC-BEBF87B85C22}.Debug|Any CPU.Build.0 = Debug|Any CPU
		{41D42847-53DD-40BB-96BC-BEBF87B85C22}.Release|Any CPU.ActiveCfg = Release|Any CPU
		{41D42847-53DD-40BB-96BC-BEBF87B85C22}.Release|Any CPU.Build.0 = Release|Any CPU
		{A1826F3B-1B12-4EEB-A42D-7C6576EB9DEA}.Debug|Any CPU.ActiveCfg = Debug|Any CPU
		{A1826F3B-1B12-4EEB-A42D-7C6576EB9DEA}.Debug|Any CPU.Build.0 = Debug|Any CPU
		{A1826F3B-1B12-4EEB-A42D-7C6576EB9DEA}.Release|Any CPU.ActiveCfg = Release|Any CPU
		{A1826F3B-1B12-4EEB-A42D-7C6576EB9DEA}.Release|Any CPU.Build.0 = Release|Any CPU
		{09EB6941-D26D-4FE2-8BF6-C09E7D811BEB}.Debug|Any CPU.ActiveCfg = Debug|Any CPU
		{09EB6941-D26D-4FE2-8BF6-C09E7D811BEB}.Debug|Any CPU.Build.0 = Debug|Any CPU
		{09EB6941-D26D-4FE2-8BF6-C09E7D811BEB}.Release|Any CPU.ActiveCfg = Release|Any CPU
		{09EB6941-D26D-4FE2-8BF6-C09E7D811BEB}.Release|Any CPU.Build.0 = Release|Any CPU
		{68A69F75-87AA-4334-803A-C2D310E77B18}.Debug|Any CPU.ActiveCfg = Debug|Any CPU
		{68A69F75-87AA-4334-803A-C2D310E77B18}.Debug|Any CPU.Build.0 = Debug|Any CPU
		{68A69F75-87AA-4334-803A-C2D310E77B18}.Release|Any CPU.ActiveCfg = Release|Any CPU
		{68A69F75-87AA-4334-803A-C2D310E77B18}.Release|Any CPU.Build.0 = Release|Any CPU
		{78791FC1-535D-4C76-8113-C046D63F4253}.Debug|Any CPU.ActiveCfg = Debug|Any CPU
		{78791FC1-535D-4C76-8113-C046D63F4253}.Debug|Any CPU.Build.0 = Debug|Any CPU
		{78791FC1-535D-4C76-8113-C046D63F4253}.Release|Any CPU.ActiveCfg = Release|Any CPU
		{78791FC1-535D-4C76-8113-C046D63F4253}.Release|Any CPU.Build.0 = Release|Any CPU
		{B16ECDAC-AAB1-44D6-8C76-3023E54BEC3A}.Debug|Any CPU.ActiveCfg = Debug|Any CPU
		{B16ECDAC-AAB1-44D6-8C76-3023E54BEC3A}.Debug|Any CPU.Build.0 = Debug|Any CPU
		{B16ECDAC-AAB1-44D6-8C76-3023E54BEC3A}.Release|Any CPU.ActiveCfg = Release|Any CPU
		{B16ECDAC-AAB1-44D6-8C76-3023E54BEC3A}.Release|Any CPU.Build.0 = Release|Any CPU
		{20405448-CAA4-4DA6-B473-D0484F81CE44}.Debug|Any CPU.ActiveCfg = Debug|Any CPU
		{20405448-CAA4-4DA6-B473-D0484F81CE44}.Debug|Any CPU.Build.0 = Debug|Any CPU
		{20405448-CAA4-4DA6-B473-D0484F81CE44}.Release|Any CPU.ActiveCfg = Release|Any CPU
		{20405448-CAA4-4DA6-B473-D0484F81CE44}.Release|Any CPU.Build.0 = Release|Any CPU
		{0307B967-4485-42BA-88CD-AF0210312ACF}.Debug|Any CPU.ActiveCfg = Debug|Any CPU
		{0307B967-4485-42BA-88CD-AF0210312ACF}.Debug|Any CPU.Build.0 = Debug|Any CPU
		{0307B967-4485-42BA-88CD-AF0210312ACF}.Release|Any CPU.ActiveCfg = Release|Any CPU
		{0307B967-4485-42BA-88CD-AF0210312ACF}.Release|Any CPU.Build.0 = Release|Any CPU
		{F48F82CC-63FA-4585-A2CA-6391E73AEC38}.Debug|Any CPU.ActiveCfg = Debug|Any CPU
		{F48F82CC-63FA-4585-A2CA-6391E73AEC38}.Debug|Any CPU.Build.0 = Debug|Any CPU
		{F48F82CC-63FA-4585-A2CA-6391E73AEC38}.Release|Any CPU.ActiveCfg = Release|Any CPU
		{F48F82CC-63FA-4585-A2CA-6391E73AEC38}.Release|Any CPU.Build.0 = Release|Any CPU
		{1A8A0B3C-111E-4AC9-B579-57BB7C322A5D}.Debug|Any CPU.ActiveCfg = Debug|Any CPU
		{1A8A0B3C-111E-4AC9-B579-57BB7C322A5D}.Debug|Any CPU.Build.0 = Debug|Any CPU
		{1A8A0B3C-111E-4AC9-B579-57BB7C322A5D}.Release|Any CPU.ActiveCfg = Release|Any CPU
		{1A8A0B3C-111E-4AC9-B579-57BB7C322A5D}.Release|Any CPU.Build.0 = Release|Any CPU
		{8776C33F-96E9-4A97-AB9D-CCC7CB40322F}.Debug|Any CPU.ActiveCfg = Debug|Any CPU
		{8776C33F-96E9-4A97-AB9D-CCC7CB40322F}.Debug|Any CPU.Build.0 = Debug|Any CPU
		{8776C33F-96E9-4A97-AB9D-CCC7CB40322F}.Release|Any CPU.ActiveCfg = Release|Any CPU
		{8776C33F-96E9-4A97-AB9D-CCC7CB40322F}.Release|Any CPU.Build.0 = Release|Any CPU
		{E04B3794-9811-4BCB-A71B-8AB49623BD54}.Debug|Any CPU.ActiveCfg = Debug|Any CPU
		{E04B3794-9811-4BCB-A71B-8AB49623BD54}.Debug|Any CPU.Build.0 = Debug|Any CPU
		{E04B3794-9811-4BCB-A71B-8AB49623BD54}.Release|Any CPU.ActiveCfg = Release|Any CPU
		{E04B3794-9811-4BCB-A71B-8AB49623BD54}.Release|Any CPU.Build.0 = Release|Any CPU
		{72980C7C-DA86-48BC-B9BD-019EF712D334}.Debug|Any CPU.ActiveCfg = Debug|Any CPU
		{72980C7C-DA86-48BC-B9BD-019EF712D334}.Debug|Any CPU.Build.0 = Debug|Any CPU
		{72980C7C-DA86-48BC-B9BD-019EF712D334}.Release|Any CPU.ActiveCfg = Release|Any CPU
		{72980C7C-DA86-48BC-B9BD-019EF712D334}.Release|Any CPU.Build.0 = Release|Any CPU
		{BA24BA74-5F1B-40E3-9724-17B45CD6D488}.Debug|Any CPU.ActiveCfg = Debug|Any CPU
		{BA24BA74-5F1B-40E3-9724-17B45CD6D488}.Debug|Any CPU.Build.0 = Debug|Any CPU
		{BA24BA74-5F1B-40E3-9724-17B45CD6D488}.Release|Any CPU.ActiveCfg = Release|Any CPU
		{BA24BA74-5F1B-40E3-9724-17B45CD6D488}.Release|Any CPU.Build.0 = Release|Any CPU
		{4E700075-A0F3-401E-A373-292DE8085B04}.Debug|Any CPU.ActiveCfg = Debug|Any CPU
		{4E700075-A0F3-401E-A373-292DE8085B04}.Debug|Any CPU.Build.0 = Debug|Any CPU
		{4E700075-A0F3-401E-A373-292DE8085B04}.Release|Any CPU.ActiveCfg = Release|Any CPU
		{4E700075-A0F3-401E-A373-292DE8085B04}.Release|Any CPU.Build.0 = Release|Any CPU
		{12565E8D-FFB3-4C39-9D46-140688686902}.Debug|Any CPU.ActiveCfg = Debug|Any CPU
		{12565E8D-FFB3-4C39-9D46-140688686902}.Debug|Any CPU.Build.0 = Debug|Any CPU
		{12565E8D-FFB3-4C39-9D46-140688686902}.Release|Any CPU.ActiveCfg = Release|Any CPU
		{12565E8D-FFB3-4C39-9D46-140688686902}.Release|Any CPU.Build.0 = Release|Any CPU
		{9006A514-E7F1-40EB-80FA-C0C477DE3E51}.Debug|Any CPU.ActiveCfg = Debug|Any CPU
		{9006A514-E7F1-40EB-80FA-C0C477DE3E51}.Debug|Any CPU.Build.0 = Debug|Any CPU
		{9006A514-E7F1-40EB-80FA-C0C477DE3E51}.Release|Any CPU.ActiveCfg = Release|Any CPU
		{9006A514-E7F1-40EB-80FA-C0C477DE3E51}.Release|Any CPU.Build.0 = Release|Any CPU
		{60F80B90-E2BA-472F-AC64-D28384EF924E}.Debug|Any CPU.ActiveCfg = Debug|Any CPU
		{60F80B90-E2BA-472F-AC64-D28384EF924E}.Debug|Any CPU.Build.0 = Debug|Any CPU
		{60F80B90-E2BA-472F-AC64-D28384EF924E}.Release|Any CPU.ActiveCfg = Release|Any CPU
		{60F80B90-E2BA-472F-AC64-D28384EF924E}.Release|Any CPU.Build.0 = Release|Any CPU
	EndGlobalSection
	GlobalSection(SolutionProperties) = preSolution
		HideSolutionNode = FALSE
	EndGlobalSection
EndGlobal
